
Microsoft Visual Studio Solution File, Format Version 12.00
# Visual Studio Version 16
VisualStudioVersion = 16.0.29926.136
MinimumVisualStudioVersion = 10.0.40219.1
Project("{FAE04EC0-301F-11D3-BF4B-00C04F79EFBC}") = "OrderForm", "OrderForm.csproj", "{ECFA75AA-C99E-4B3B-B263-B8D0F9202F63}"
EndProject
Project("{FAE04EC0-301F-11D3-BF4B-00C04F79EFBC}") = "OrderSer", "..\OrderSer\OrderSer.csproj", "{65178F14-AE14-47C6-BAC7-3EEA5AFD9F4E}"
EndProject
Global
	GlobalSection(SolutionConfigurationPlatforms) = preSolution
		Debug|Any CPU = Debug|Any CPU
		Release|Any CPU = Release|Any CPU
	EndGlobalSection
	GlobalSection(ProjectConfigurationPlatforms) = postSolution
		{ECFA75AA-C99E-4B3B-B263-B8D0F9202F63}.Debug|Any CPU.ActiveCfg = Debug|Any CPU
		{ECFA75AA-C99E-4B3B-B263-B8D0F9202F63}.Debug|Any CPU.Build.0 = Debug|Any CPU
		{ECFA75AA-C99E-4B3B-B263-B8D0F9202F63}.Release|Any CPU.ActiveCfg = Release|Any CPU
		{ECFA75AA-C99E-4B3B-B263-B8D0F9202F63}.Release|Any CPU.Build.0 = Release|Any CPU
		{65178F14-AE14-47C6-BAC7-3EEA5AFD9F4E}.Debug|Any CPU.ActiveCfg = Debug|Any CPU
		{65178F14-AE14-47C6-BAC7-3EEA5AFD9F4E}.Debug|Any CPU.Build.0 = Debug|Any CPU
		{65178F14-AE14-47C6-BAC7-3EEA5AFD9F4E}.Release|Any CPU.ActiveCfg = Release|Any CPU
		{65178F14-AE14-47C6-BAC7-3EEA5AFD9F4E}.Release|Any CPU.Build.0 = Release|Any CPU
	EndGlobalSection
	GlobalSection(SolutionProperties) = preSolution
		HideSolutionNode = FALSE
	EndGlobalSection
	GlobalSection(ExtensibilityGlobals) = postSolution
		SolutionGuid = {F9C79575-B982-486A-8776-24869321E3DE}
	EndGlobalSection
EndGlobal
