
Microsoft Visual Studio Solution File, Format Version 12.00
# Visual Studio 15
VisualStudioVersion = 15.0.26124.0
MinimumVisualStudioVersion = 15.0.26124.0
Project("{FAE04EC0-301F-11D3-BF4B-00C04F79EFBC}") = "Test", "Test\Test.csproj", "{278FFFF1-63C9-4143-8B40-3EE70C2CA0BE}"
EndProject
Project("{FAE04EC0-301F-11D3-BF4B-00C04F79EFBC}") = "OrderTest", "OrderTest\OrderTest.csproj", "{7917F76B-970D-4818-84C3-B2E094D709D7}"
EndProject
Global
	GlobalSection(SolutionConfigurationPlatforms) = preSolution
		Debug|Any CPU = Debug|Any CPU
		Debug|x64 = Debug|x64
		Debug|x86 = Debug|x86
		Release|Any CPU = Release|Any CPU
		Release|x64 = Release|x64
		Release|x86 = Release|x86
	EndGlobalSection
	GlobalSection(SolutionProperties) = preSolution
		HideSolutionNode = FALSE
	EndGlobalSection
	GlobalSection(ProjectConfigurationPlatforms) = postSolution
		{278FFFF1-63C9-4143-8B40-3EE70C2CA0BE}.Debug|Any CPU.ActiveCfg = Debug|Any CPU
		{278FFFF1-63C9-4143-8B40-3EE70C2CA0BE}.Debug|Any CPU.Build.0 = Debug|Any CPU
		{278FFFF1-63C9-4143-8B40-3EE70C2CA0BE}.Debug|x64.ActiveCfg = Debug|Any CPU
		{278FFFF1-63C9-4143-8B40-3EE70C2CA0BE}.Debug|x64.Build.0 = Debug|Any CPU
		{278FFFF1-63C9-4143-8B40-3EE70C2CA0BE}.Debug|x86.ActiveCfg = Debug|Any CPU
		{278FFFF1-63C9-4143-8B40-3EE70C2CA0BE}.Debug|x86.Build.0 = Debug|Any CPU
		{278FFFF1-63C9-4143-8B40-3EE70C2CA0BE}.Release|Any CPU.ActiveCfg = Release|Any CPU
		{278FFFF1-63C9-4143-8B40-3EE70C2CA0BE}.Release|Any CPU.Build.0 = Release|Any CPU
		{278FFFF1-63C9-4143-8B40-3EE70C2CA0BE}.Release|x64.ActiveCfg = Release|Any CPU
		{278FFFF1-63C9-4143-8B40-3EE70C2CA0BE}.Release|x64.Build.0 = Release|Any CPU
		{278FFFF1-63C9-4143-8B40-3EE70C2CA0BE}.Release|x86.ActiveCfg = Release|Any CPU
		{278FFFF1-63C9-4143-8B40-3EE70C2CA0BE}.Release|x86.Build.0 = Release|Any CPU
		{B939DD73-2A24-41AA-9314-8F5A03E81626}.Debug|Any CPU.ActiveCfg = Debug|Any CPU
		{B939DD73-2A24-41AA-9314-8F5A03E81626}.Debug|Any CPU.Build.0 = Debug|Any CPU
		{B939DD73-2A24-41AA-9314-8F5A03E81626}.Debug|x64.ActiveCfg = Debug|Any CPU
		{B939DD73-2A24-41AA-9314-8F5A03E81626}.Debug|x64.Build.0 = Debug|Any CPU
		{B939DD73-2A24-41AA-9314-8F5A03E81626}.Debug|x86.ActiveCfg = Debug|Any CPU
		{B939DD73-2A24-41AA-9314-8F5A03E81626}.Debug|x86.Build.0 = Debug|Any CPU
		{B939DD73-2A24-41AA-9314-8F5A03E81626}.Release|Any CPU.ActiveCfg = Release|Any CPU
		{B939DD73-2A24-41AA-9314-8F5A03E81626}.Release|Any CPU.Build.0 = Release|Any CPU
		{B939DD73-2A24-41AA-9314-8F5A03E81626}.Release|x64.ActiveCfg = Release|Any CPU
		{B939DD73-2A24-41AA-9314-8F5A03E81626}.Release|x64.Build.0 = Release|Any CPU
		{B939DD73-2A24-41AA-9314-8F5A03E81626}.Release|x86.ActiveCfg = Release|Any CPU
		{B939DD73-2A24-41AA-9314-8F5A03E81626}.Release|x86.Build.0 = Release|Any CPU
		{7917F76B-970D-4818-84C3-B2E094D709D7}.Debug|Any CPU.ActiveCfg = Debug|Any CPU
		{7917F76B-970D-4818-84C3-B2E094D709D7}.Debug|Any CPU.Build.0 = Debug|Any CPU
		{7917F76B-970D-4818-84C3-B2E094D709D7}.Debug|x64.ActiveCfg = Debug|Any CPU
		{7917F76B-970D-4818-84C3-B2E094D709D7}.Debug|x64.Build.0 = Debug|Any CPU
		{7917F76B-970D-4818-84C3-B2E094D709D7}.Debug|x86.ActiveCfg = Debug|Any CPU
		{7917F76B-970D-4818-84C3-B2E094D709D7}.Debug|x86.Build.0 = Debug|Any CPU
		{7917F76B-970D-4818-84C3-B2E094D709D7}.Release|Any CPU.ActiveCfg = Release|Any CPU
		{7917F76B-970D-4818-84C3-B2E094D709D7}.Release|Any CPU.Build.0 = Release|Any CPU
		{7917F76B-970D-4818-84C3-B2E094D709D7}.Release|x64.ActiveCfg = Release|Any CPU
		{7917F76B-970D-4818-84C3-B2E094D709D7}.Release|x64.Build.0 = Release|Any CPU
		{7917F76B-970D-4818-84C3-B2E094D709D7}.Release|x86.ActiveCfg = Release|Any CPU
		{7917F76B-970D-4818-84C3-B2E094D709D7}.Release|x86.Build.0 = Release|Any CPU
	EndGlobalSection
EndGlobal
